lockfileVersion: '9.0'

settings:
  autoInstallPeers: true
  excludeLinksFromLockfile: false

importers:

  .:
    devDependencies:
      '@deepseek-ai/dsh-app-boot':
        specifier: 0.2.0-rc.2
        version: 0.2.0-rc.2(3d94fbe7251b59ed9f36b2fba259bfa5)
      '@deepseek-ai/dsh-skill-filesystem':
        specifier: 0.1.0-rc.3
        version: 0.1.0-rc.3(7d5f4abbba79c44771a82992b5a88abb)

packages:

  '@deepseek-ai/cordis-plugin-group@1.0.4':
    resolution: {integrity: sha512-/7tuY5pMQetHava4v6QUeOa4CwZA+mleNvbIoj+iqEmzkYUtlXbLqhzJIcbnDa/Hxgr1jaCwROrI77nuLyeCFg==}
    peerDependencies:
      '@deepseek-ai/cordis': ~4.0.4
      '@deepseek-ai/cordis-plugin-loader': ~1.0.5

  '@deepseek-ai/cordis-plugin-include@1.0.9':
    resolution: {integrity: sha512-Xmekm7u5Kpeym6nABL4T1/Mg6aQYFZxsipB0WycmCctvX1DqAv8nCFwRmg2XMx/f7EbZgNEbXQwJfabcMu8zxQ==}
    peerDependencies:
      '@deepseek-ai/cordis': ~4.0.4
      '@deepseek-ai/cordis-plugin-loader': ~1.0.5

  '@deepseek-ai/cordis-plugin-loader@1.0.5':
    resolution: {integrity: sha512-200huL2ttWcjyeYllvPYn+qMR7I89qy8MhZasbHltPzB/KMrSfsyoCYKdCGc5KqPGj5iJugcmibQzjINMO9I+Q==}
    peerDependencies:
      '@deepseek-ai/cordis': ~4.0.4
      node-addon-require-builtin: ^0.1.6
    peerDependenciesMeta:
      node-addon-require-builtin:
        optional: true

  '@deepseek-ai/cordis@4.0.4':
    resolution: {integrity: sha512-obgyxqWAmFn3Re8kvsuUnyW+ihrz6eJCnJO4fh1cQzDtmPYz/zzVeUkH9R94I0OwSVOocK67Kgakm04j/oQXzg==}
    hasBin: true
    peerDependencies:
      '@deepseek-ai/cordis-plugin-include': ~1.0.9
      '@deepseek-ai/cordis-plugin-loader': ~1.0.5
    peerDependenciesMeta:
      '@deepseek-ai/cordis-plugin-include':
        optional: true
      '@deepseek-ai/cordis-plugin-loader':
        optional: true

  '@deepseek-ai/cosmokit@1.8.5':
    resolution: {integrity: sha512-LXsrlem9z8dq4sLflj2yuCuYX7KqhdzF5hZly3eZyuTo8d6oDSOXuEgC5DbQWKW+lksm6zmOutQLsP/ma6wR6A==}

  '@deepseek-ai/dsh-app-boot@0.2.0-rc.2':
    resolution: {integrity: sha512-WvgNhBHSj85Z7u9vC1oQr9C7yZQ/L/JS+eVK4bueWEkaoqdEna504V5bi7qtWXxAz5JkeVZTy1sX86p8XG7LJg==}
    peerDependencies:
      '@deepseek-ai/cordis': ~4.0.4
      '@deepseek-ai/cordis-plugin-group': ~1.0.4
      '@deepseek-ai/cordis-plugin-include': ~1.0.9
      '@deepseek-ai/cordis-plugin-loader': ~1.0.5
      '@deepseek-ai/dsh-home-paths': 0.2.0-rc.2
      '@deepseek-ai/dsh-launch-environment': 0.2.0-rc.2
      '@deepseek-ai/dsh-system-prompt': 0.2.0-rc.2

  '@deepseek-ai/dsh-atomic-write@0.2.0-rc.2':
    resolution: {integrity: sha512-CezxdPmADDnOyG/ed9R18In/NifnLgu8hfJEjTBKxd7kbu0XXenyqnk25jeWD6bJYwu8AWAwcpVFuf438EJPJA==}
    peerDependencies:
      '@deepseek-ai/cordis': ~4.0.4

  '@deepseek-ai/dsh-attachment@0.1.0-rc.8':
    resolution: {integrity: sha512-cCrg4WWiav7pGtbdU8dJTpAG28cPnkWVB2YPOrlBCgBbhQziGcG9Dv67Ti6L3PI4OQKC55gYBFinQghFO/7FGg==}
    peerDependencies:
      '@deepseek-ai/cordis': ^4.0.1
      '@deepseek-ai/dsh-brand': ^0.1.0-rc.8
      '@deepseek-ai/dsh-invariants': ^0.1.0-rc.8

  '@deepseek-ai/dsh-brand@0.1.0-rc.8':
    resolution: {integrity: sha512-402aUAfHxIZJrArBV4gDf0I/A/69A/By26FX6HTIOyFmCnB4wUBKh8jnglz1CorKWdZy8AKldAhh8HQhQEbGOQ==}
    peerDependencies:
      '@deepseek-ai/cordis': ^4.0.1
      '@deepseek-ai/dsh-invariants': ^0.1.0-rc.8

  '@deepseek-ai/dsh-fs@0.1.0-rc.8':
    resolution: {integrity: sha512-ge5GW56+z20vYACQ2jqtevusdgMXa64laeU/Chql+VIA3+6xyJ8gLX+oj/1O5TlzhvmZ7ZPfZGBFBEVsEZzTQw==}
    peerDependencies:
      '@deepseek-ai/cordis': ^4.0.1
      '@deepseek-ai/dsh-brand': ^0.1.0-rc.8
      '@deepseek-ai/dsh-invariants': ^0.1.0-rc.8
      '@deepseek-ai/dsh-llm': ^0.1.0-rc.8
      '@deepseek-ai/dsh-sandbox': ^0.1.0-rc.8

  '@deepseek-ai/dsh-invariants@0.1.0-rc.8':
    resolution: {integrity: sha512-u0lYqyxOYwfsVnbsfGXZos5vFvA4cqFnBEW3/ezgljNwkYwzeUP/Y5wjPnQjP+ZzBn3CnVeIF6s2N2Vk3iA5mQ==}
    peerDependencies:
      '@deepseek-ai/cordis': ^4.0.1

  '@deepseek-ai/dsh-launch-environment@0.2.0-rc.2':
    resolution: {integrity: sha512-IyhZjJJQ7RVLcKlc4pPPjojOKrr2XCYm7VRpslFq7bvGj3DGt8WMTSCCZUWxCThY2jg6kFF1ujiTGunELfRO6Q==}
    peerDependencies:
      '@deepseek-ai/cordis': ~4.0.4

  '@deepseek-ai/dsh-llm@0.1.0-rc.8':
    resolution: {integrity: sha512-hf6RmX2Stn1UtzpktSHQLkIktQkBm9i/3yFfJlbGSkwyw5Cv9sTYJbyoHzsSnnh6i8nRRcMcBhvMgm23I00oIw==}
    peerDependencies:
      '@deepseek-ai/cordis': ^4.0.1
      '@deepseek-ai/dsh-attachment': ^0.1.0-rc.8
      '@deepseek-ai/dsh-brand': ^0.1.0-rc.8
      '@deepseek-ai/dsh-invariants': ^0.1.0-rc.8
      '@deepseek-ai/dsh-timeout': ^0.1.0-rc.8

  '@deepseek-ai/dsh-package-manifest@0.2.0-rc.2':
    resolution: {integrity: sha512-CFycoLxUT4g4w1IGjaHi/IjTzTRgnQ2PQVeHHSWoEppD+0NTZ1rHHW3ofkh74ZgQagoeo7n+91Yjl0rDGuWE3g==}
    peerDependencies:
      '@deepseek-ai/cordis': ~4.0.4

  '@deepseek-ai/dsh-sandbox@0.1.0-rc.8':
    resolution: {integrity: sha512-dJpy5p/KjKkHG9AnMKU4+/ilj/4DCglsq3kof/jhIwtsZJCix07TEXP9vV8LCv4fU8af7cK3antXw4eVMqkwuQ==}
    peerDependencies:
      '@deepseek-ai/cordis': ^4.0.1
      '@deepseek-ai/dsh-invariants': ^0.1.0-rc.8
      '@deepseek-ai/dsh-llm': ^0.1.0-rc.8
      '@deepseek-ai/dsh-session': ^0.1.0-rc.8

  '@deepseek-ai/dsh-scope@0.1.0-rc.8':
    resolution: {integrity: sha512-/o+PxkVV2zUy9lYlMFr4TWSb+ESW4DE+fI891yIbsLzOJdFgfbmmLpGrlWgnz8/unIGJZxjeXdwyppV04Z277Q==}
    peerDependencies:
      '@deepseek-ai/cordis': ^4.0.1
      '@deepseek-ai/dsh-invariants': ^0.1.0-rc.8

  '@deepseek-ai/dsh-session@0.1.0-rc.8':
    resolution: {integrity: sha512-Qs5Mgn32WPPVB4rKHjsZBgLOkh0TQurUAcc9GaDVudK4dUkpno2HDh++qu/PrwRA3CZ/iwPAoFHCpB3AMMaoLg==}
    peerDependencies:
      '@deepseek-ai/cordis': ^4.0.1
      '@deepseek-ai/dsh-brand': ^0.1.0-rc.8
      '@deepseek-ai/dsh-invariants': ^0.1.0-rc.8
      '@deepseek-ai/dsh-llm': ^0.1.0-rc.8
      '@deepseek-ai/dsh-scope': ^0.1.0-rc.8
      '@deepseek-ai/dsh-typert-protocol': ^0.1.0-rc.8

  '@deepseek-ai/dsh-skill-filesystem@0.1.0-rc.3':
    resolution: {integrity: sha512-/Tpre7kLOzB4qETQzGA7oLawIXF1lS3I9zKH0xzM+oMUlSwhnjU1+g9NwuOY41R9NgjbnjcDSIC3IPxi1I3EEg==}
    peerDependencies:
      '@deepseek-ai/cordis': ^4.0.1
      '@deepseek-ai/dsh-fs': ^0.1.0-rc.3
      '@deepseek-ai/dsh-home-paths': ^0.1.0-rc.3
      '@deepseek-ai/dsh-invariants': ^0.1.0-rc.3
      '@deepseek-ai/dsh-skill': ^0.1.0-rc.3

  '@deepseek-ai/dsh-skill@0.1.0-rc.8':
    resolution: {integrity: sha512-MqcOzl4Y5pQEvFBNVAi5w0IZWH5kVbXmp1RYScrl+8HpVATZbgumDhztVnEc2kUrZu+o6LKb1hnbunK6JHUE5g==}
    peerDependencies:
      '@deepseek-ai/cordis': ^4.0.1
      '@deepseek-ai/dsh-invariants': ^0.1.0-rc.8
      '@deepseek-ai/dsh-llm': ^0.1.0-rc.8
      '@deepseek-ai/dsh-scope': ^0.1.0-rc.8

  '@deepseek-ai/dsh-system-prompt@0.2.0-rc.2':
    resolution: {integrity: sha512-ZZNk2gkXFV8CIT0IOZXS+pFaxNVJaRknYyH2vc4ZgZAiHKT+RqUYNr8e1F5Kp0AaN0DNlcTkjOGP5MCxeXfDjg==}
    peerDependencies:
      '@deepseek-ai/cordis': ~4.0.4
      '@deepseek-ai/dsh-invariants': 0.2.0-rc.2
      '@deepseek-ai/dsh-llm': 0.2.0-rc.2
      '@deepseek-ai/dsh-scope': 0.2.0-rc.2

  '@deepseek-ai/dsh-timeout@0.1.0-rc.8':
    resolution: {integrity: sha512-RwOC/qHribE6b+LStAO7aAgweefLE5sqDO7Uz6/mnTDyJxCt7HNQnE/Op8sAvRa33d752aUkPfO9S0mgzVAoFQ==}
    peerDependencies:
      '@deepseek-ai/cordis': ^4.0.1
      '@deepseek-ai/dsh-invariants': ^0.1.0-rc.8

  '@deepseek-ai/dsh-typert-protocol@0.1.0-rc.8':
    resolution: {integrity: sha512-scwEAefRBL7gRpaXiEdiHRMvlr8dLmUbiEvy0LOAX/8X3FZBd/5tHQ/8lCppAQNTDZMI/LSiSMpu5XrFId+7cQ==}
    peerDependencies:
      '@deepseek-ai/cordis': ^4.0.1
      '@deepseek-ai/dsh-invariants': ^0.1.0-rc.8

  '@deepseek-ai/schemastery@3.18.4':
    resolution: {integrity: sha512-SSXO6tYuyrIqKVbmOnIq0s+riUywYzouFMcnBluHF9n4KMo2G8HvEzhCYj6pj2617/glOjbJuVInJ9hfONsjkg==}

  '@eslint-community/regexpp@4.12.2':
    resolution: {integrity: sha512-EriSTlt5OC9/7SXkRSCAhfSxxoSUgBm33OH+IkwbdpgoqsSsUg7y3uh+IICI/Qg4BBWr3U2i39RpmycbxMq4ew==}
    engines: {node: ^12.0.0 || ^14.0.0 || >=16.0.0}

  '@standard-schema/spec@1.1.0':
    resolution: {integrity: sha512-l2aFy5jALhniG5HgqrD6jXLi/rUWrKvqN/qJx6yoJsgKhblVd+iqqU4RCXavm/jPityDo5TCvKMnpjKnOriy0w==}

  ajv@8.20.0:
    resolution: {integrity: sha512-Thbli+OlOj+iMPYFBVBfJ3OmCAnaSyNn4M1vz9T6Gka5Jt9ba/HIR56joy65tY6kx/FCF5VXNB819Y7/GUrBGA==}

  argparse@2.0.1:
    resolution: {integrity: sha512-8+9WqebbFzpX9OR+Wa6O29asIogeRMzcGtAINdpMHHyAg10f05aSFVBbcEqGf/PXw1EjAZ+q2/bEBg3DvurK3Q==}

  chokidar@5.0.0:
    resolution: {integrity: sha512-TQMmc3w+5AxjpL8iIiwebF73dRDF4fBIieAqGn9RGCWaEVwQ6Fb2cGe31Yns0RRIzii5goJ1Y7xbMwo1TxMplw==}
    engines: {node: '>= 20.19.0'}

  fast-deep-equal@3.1.3:
    resolution: {integrity: sha512-f3qQ9oQy9j2AhBe/H9VC91wLmKBCCU/gDOnKNAYG5hswO7BLKj09Hc5HYNz9cGI++xlpDCIgDaitVs03ATR84Q==}

  fast-uri@3.1.8:
    resolution: {integrity: sha512-GZMtZUTNRpOVIECoXwLNZS5xUGE+mVNbTB8h/7Rwh2TFWcBQiPzTgyZi05BF9UMZKkLJv8XBRJTlU7zg8+ZfMg==}

  js-yaml@4.3.2:
    resolution: {integrity: sha512-SFNOvSJ+Dgf/9An904Yx+CgSlIPCkIpao4qo51lpee25TIRejdH3rhR4EZMGoNx3/TP3O+wzWuiTFl4sqbltzA==}
    hasBin: true

  json-schema-traverse@1.0.0:
    resolution: {integrity: sha512-NM8/P9n3XjXhIZn1lLhkFaACTOURQXjWhV4BA/RnOv8xvgqtqpAX9IO4mRQxSx1Rlo4tqzeqb0sOlruaOy3dug==}

  node-addon-native-custom-loader@0.1.7:
    resolution: {integrity: sha512-mny2aBXuqWZLu8xFg0Azk6HZd8tlEBbpkOMhideAY3OABE9tp38VeKo8/sw5g/qeYAAdE8oEmsmeJ5IBJd6YHg==}
    engines: {node: '>=20'}

  node-addon-require-builtin-darwin-arm64@0.1.7:
    resolution: {integrity: sha512-3n5SgmD6S4lCyeFPumbwfUh+YLssWiSF8GuToHdr00hBPhDikyzHCy2UV5qJUTDNNtUpfw9QuFijsC+ulnvmog==}
    engines: {node: '>=20'}
    cpu: [arm64]
    os: [darwin]

  node-addon-require-builtin-darwin-x64@0.1.7:
    resolution: {integrity: sha512-ZelNDiBgGH//ZHw6FCv4VdWUxV2YwdZNa0za7nOJIYodGcow0rJX6san45iOI73/gd2qtyKBOrHgylDjnBblbg==}
    engines: {node: '>=20'}
    cpu: [x64]
    os: [darwin]

  node-addon-require-builtin-linux-arm64-gnu@0.1.7:
    resolution: {integrity: sha512-osAdFdxBUeciYOAIMxxIZzVyPK73zex7xJvSAyfDPyY8cTxhGZVZGQnB0ZtZEy3TRQQ2psjWhu5HbcHXIXotXw==}
    engines: {node: '>=20'}
    cpu: [arm64]
    os: [linux]
    libc: [glibc]

  node-addon-require-builtin-linux-arm64-musl@0.1.7:
    resolution: {integrity: sha512-pN027xk8o64/i1evlncK3VoPGdnflHzMgD+MQ+vApMpu2U6XKc9KAqKiImTpMd+mtGxElkkhD/AXNybF0MscZw==}
    engines: {node: '>=20'}
    cpu: [arm64]
    os: [linux]
    libc: [musl]

  node-addon-require-builtin-linux-x64-gnu@0.1.7:
    resolution: {integrity: sha512-HedJA3MGD7I3rH/mPuPIaGTTtSm61L5uHv/90xHPy0tHGlP5cxC9Dt9l/5iwIrTE04LrT0woiG8Ef2Eg2sRyuA==}
    engines: {node: '>=20'}
    cpu: [x64]
    os: [linux]
    libc: [glibc]

  node-addon-require-builtin-linux-x64-musl@0.1.7:
    resolution: {integrity: sha512-4SkkvMTQqwFRkNzWp8Jc+1e/wMzA893YYX6lhRFFXWcb+igpXq/KD92JEWI0RHr9rrQkwF51/9odyt0Jk9WnDA==}
    engines: {node: '>=20'}
    cpu: [x64]
    os: [linux]
    libc: [musl]

  node-addon-require-builtin-win32-arm64-msvc@0.1.7:
    resolution: {integrity: sha512-nooBYRrieUMClXU3HBM+9yfOEXC0EJS3kFGJzu7oXocOgADKmAwt3xpF3YunjnyN9bty9/QaoZRlHG5EBX4Usg==}
    engines: {node: '>=20'}
    cpu: [arm64]
    os: [win32]

  node-addon-require-builtin-win32-ia32-msvc@0.1.7:
    resolution: {integrity: sha512-i3/cymlUwzReJTtFLC75m+Gabi1RWa4ym4KgVThGLySy4/EJ0QldTv5VWHg3i7HP/g8gIWXwFrxTFk5v2DGchA==}
    engines: {node: '>=20 <23'}
    cpu: [ia32]
    os: [win32]

  node-addon-require-builtin-win32-x64-msvc@0.1.7:
    resolution: {integrity: sha512-iwYELawC0J+nKFTIfJumU53VzTVDshSFUZCU6oUb4Uw+JAfsXCCA2WaSQbtmHng6ub0HEFqWgfh/Wp+qsEVtNg==}
    engines: {node: '>=20'}
    cpu: [x64]
    os: [win32]

  node-addon-require-builtin@0.1.7:
    resolution: {integrity: sha512-2/yiwaMEpIJdrsjwY/09IoLMLKJtyJGlPhtJd80a+B4x0+SYsnAorg5GlDyJHfTb/UgiIYzbNOgL3HHrigFaAQ==}
    engines: {node: '>=20'}

  readdirp@5.1.1:
    resolution: {integrity: sha512-Kko+Y5XQ6fM+Ce3dq3m9YGxnacYZYl9cA1wZjaF3Vbry2L3i1qVg8+CAgNPsXRArPMUMCaOR7oa9Nqntc43JKA==}
    engines: {node: '>= 20.19.0'}

  require-from-string@2.0.2:
    resolution: {integrity: sha512-Xf0nWe6RseziFMu+Ap9biiUbmplq6S9/p+7w7YXP/JBHhrUDDUhwa+vANyubuqfZWTveU//DYVGsDG7RKL/vEw==}
    engines: {node: '>=0.10.0'}

  resolve.exports@2.0.3:
    resolution: {integrity: sha512-OcXjMsGdhL4XnbShKpAcSqPMzQoYkYyhbEaeSko47MjRP9NfEQMhZkXL1DoFlt9LWQn4YttrdnV6X2OiyzBi+A==}
    engines: {node: '>=10'}

  semver@7.8.5:
    resolution: {integrity: sha512-Y7/KDsb8LjooZpwaqGyulO6DQlksgCncchHGk+sZIY4SBvUocMBEFH5Ur1fI4dV+Jvl0w6cjvucaIi40puRioA==}
    engines: {node: '>=10'}
    hasBin: true

  yaml@2.9.1:
    resolution: {integrity: sha512-3NxN8+78OdzbT7C/WjGsyfPAtJaN3FNDsWxv7Y7mcDsT/oOmgW8BpyQQFFBnvZE3j9Y2Sdz1ULFLezL7Eb2yFw==}
    engines: {node: '>= 14.6'}
    hasBin: true

snapshots:

  '@deepseek-ai/cordis-plugin-group@1.0.4(@deepseek-ai/cordis-plugin-loader@1.0.5)(@deepseek-ai/cordis@4.0.4)':
    dependencies:
      '@deepseek-ai/cordis': 4.0.4(@deepseek-ai/cordis-plugin-include@1.0.9)(@deepseek-ai/cordis-plugin-loader@1.0.5)
      '@deepseek-ai/cordis-plugin-loader': 1.0.5(@deepseek-ai/cordis@4.0.4)(node-addon-require-builtin@0.1.7)

  '@deepseek-ai/cordis-plugin-include@1.0.9(@deepseek-ai/cordis-plugin-loader@1.0.5)(@deepseek-ai/cordis@4.0.4)':
    dependencies:
      '@deepseek-ai/cordis': 4.0.4(@deepseek-ai/cordis-plugin-include@1.0.9)(@deepseek-ai/cordis-plugin-loader@1.0.5)
      '@deepseek-ai/cordis-plugin-loader': 1.0.5(@deepseek-ai/cordis@4.0.4)(node-addon-require-builtin@0.1.7)
      '@deepseek-ai/cosmokit': 1.8.5
      js-yaml: 4.3.2

  '@deepseek-ai/cordis-plugin-loader@1.0.5(@deepseek-ai/cordis@4.0.4)(node-addon-require-builtin@0.1.7)':
    dependencies:
      '@deepseek-ai/cordis': 4.0.4(@deepseek-ai/cordis-plugin-include@1.0.9)(@deepseek-ai/cordis-plugin-loader@1.0.5)
      '@deepseek-ai/cosmokit': 1.8.5
      '@deepseek-ai/schemastery': 3.18.4
    optionalDependencies:
      node-addon-require-builtin: 0.1.7

  '@deepseek-ai/cordis@4.0.4(@deepseek-ai/cordis-plugin-include@1.0.9)(@deepseek-ai/cordis-plugin-loader@1.0.5)':
    dependencies:
      '@deepseek-ai/cosmokit': 1.8.5
      '@standard-schema/spec': 1.1.0
    optionalDependencies:
      '@deepseek-ai/cordis-plugin-include': 1.0.9(@deepseek-ai/cordis-plugin-loader@1.0.5)(@deepseek-ai/cordis@4.0.4)
      '@deepseek-ai/cordis-plugin-loader': 1.0.5(@deepseek-ai/cordis@4.0.4)(node-addon-require-builtin@0.1.7)

  '@deepseek-ai/cosmokit@1.8.5': {}

  '@deepseek-ai/dsh-app-boot@0.2.0-rc.2(3d94fbe7251b59ed9f36b2fba259bfa5)':
    dependencies:
      '@deepseek-ai/cordis': 4.0.4(@deepseek-ai/cordis-plugin-include@1.0.9)(@deepseek-ai/cordis-plugin-loader@1.0.5)
      '@deepseek-ai/cordis-plugin-group': 1.0.4(@deepseek-ai/cordis-plugin-loader@1.0.5)(@deepseek-ai/cordis@4.0.4)
      '@deepseek-ai/cordis-plugin-include': 1.0.9(@deepseek-ai/cordis-plugin-loader@1.0.5)(@deepseek-ai/cordis@4.0.4)
      '@deepseek-ai/cordis-plugin-loader': 1.0.5(@deepseek-ai/cordis@4.0.4)(node-addon-require-builtin@0.1.7)
      '@deepseek-ai/dsh-atomic-write': 0.2.0-rc.2(@deepseek-ai/cordis@4.0.4)
      '@deepseek-ai/dsh-launch-environment': 0.2.0-rc.2(@deepseek-ai/cordis@4.0.4)
      '@deepseek-ai/dsh-package-manifest': 0.2.0-rc.2(@deepseek-ai/cordis@4.0.4)
      '@deepseek-ai/dsh-system-prompt': 0.2.0-rc.2(@deepseek-ai/cordis@4.0.4)(@deepseek-ai/dsh-invariants@0.1.0-rc.8(@deepseek-ai/cordis@4.0.4))(@deepseek-ai/dsh-llm@0.1.0-rc.8(@deepseek-ai/cordis@4.0.4)(@deepseek-ai/dsh-attachment@0.1.0-rc.8(@deepseek-ai/cordis@4.0.4)(@deepseek-ai/dsh-brand@0.1.0-rc.8(@deepseek-ai/cordis@4.0.4)(@deepseek-ai/dsh-invariants@0.1.0-rc.8(@deepseek-ai/cordis@4.0.4)))(@deepseek-ai/dsh-invariants@0.1.0-rc.8(@deepseek-ai/cordis@4.0.4)))(@deepseek-ai/dsh-brand@0.1.0-rc.8(@deepseek-ai/cordis@4.0.4)(@deepseek-ai/dsh-invariants@0.1.0-rc.8(@deepseek-ai/cordis@4.0.4)))(@deepseek-ai/dsh-invariants@0.1.0-rc.8(@deepseek-ai/cordis@4.0.4))(@deepseek-ai/dsh-timeout@0.1.0-rc.8(@deepseek-ai/cordis@4.0.4)(@deepseek-ai/dsh-invariants@0.1.0-rc.8(@deepseek-ai/cordis@4.0.4))))(@deepseek-ai/dsh-scope@0.1.0-rc.8(@deepseek-ai/cordis@4.0.4)(@deepseek-ai/dsh-invariants@0.1.0-rc.8(@deepseek-ai/cordis@4.0.4)))
      '@eslint-community/regexpp': 4.12.2
      ajv: 8.20.0
      js-yaml: 4.3.2
      node-addon-require-builtin: 0.1.7
      resolve.exports: 2.0.3
      semver: 7.8.5

  '@deepseek-ai/dsh-atomic-write@0.2.0-rc.2(@deepseek-ai/cordis@4.0.4)':
    dependencies:
      '@deepseek-ai/cordis': 4.0.4(@deepseek-ai/cordis-plugin-include@1.0.9)(@deepseek-ai/cordis-plugin-loader@1.0.5)

  '@deepseek-ai/dsh-attachment@0.1.0-rc.8(@deepseek-ai/cordis@4.0.4)(@deepseek-ai/dsh-brand@0.1.0-rc.8(@deepseek-ai/cordis@4.0.4)(@deepseek-ai/dsh-invariants@0.1.0-rc.8(@deepseek-ai/cordis@4.0.4)))(@deepseek-ai/dsh-invariants@0.1.0-rc.8(@deepseek-ai/cordis@4.0.4))':
    dependencies:
      '@deepseek-ai/cordis': 4.0.4(@deepseek-ai/cordis-plugin-include@1.0.9)(@deepseek-ai/cordis-plugin-loader@1.0.5)
      '@deepseek-ai/dsh-brand': 0.1.0-rc.8(@deepseek-ai/cordis@4.0.4)(@deepseek-ai/dsh-invariants@0.1.0-rc.8(@deepseek-ai/cordis@4.0.4))
      '@deepseek-ai/dsh-invariants': 0.1.0-rc.8(@deepseek-ai/cordis@4.0.4)

  '@deepseek-ai/dsh-brand@0.1.0-rc.8(@deepseek-ai/cordis@4.0.4)(@deepseek-ai/dsh-invariants@0.1.0-rc.8(@deepseek-ai/cordis@4.0.4))':
    dependencies:
      '@deepseek-ai/cordis': 4.0.4(@deepseek-ai/cordis-plugin-include@1.0.9)(@deepseek-ai/cordis-plugin-loader@1.0.5)
      '@deepseek-ai/dsh-invariants': 0.1.0-rc.8(@deepseek-ai/cordis@4.0.4)

  '@deepseek-ai/dsh-fs@0.1.0-rc.8(9082dd8527c65a42d3cdab34d6dfd83e)':
    dependencies:
      '@deepseek-ai/cordis': 4.0.4(@deepseek-ai/cordis-plugin-include@1.0.9)(@deepseek-ai/cordis-plugin-loader@1.0.5)
      '@deepseek-ai/dsh-brand': 0.1.0-rc.8(@deepseek-ai/cordis@4.0.4)(@deepseek-ai/dsh-invariants@0.1.0-rc.8(@deepseek-ai/cordis@4.0.4))
      '@deepseek-ai/dsh-invariants': 0.1.0-rc.8(@deepseek-ai/cordis@4.0.4)
      '@deepseek-ai/dsh-llm': 0.1.0-rc.8(@deepseek-ai/cordis@4.0.4)(@deepseek-ai/dsh-attachment@0.1.0-rc.8(@deepseek-ai/cordis@4.0.4)(@deepseek-ai/dsh-brand@0.1.0-rc.8(@deepseek-ai/cordis@4.0.4)(@deepseek-ai/dsh-invariants@0.1.0-rc.8(@deepseek-ai/cordis@4.0.4)))(@deepseek-ai/dsh-invariants@0.1.0-rc.8(@deepseek-ai/cordis@4.0.4)))(@deepseek-ai/dsh-brand@0.1.0-rc.8(@deepseek-ai/cordis@4.0.4)(@deepseek-ai/dsh-invariants@0.1.0-rc.8(@deepseek-ai/cordis@4.0.4)))(@deepseek-ai/dsh-invariants@0.1.0-rc.8(@deepseek-ai/cordis@4.0.4))(@deepseek-ai/dsh-timeout@0.1.0-rc.8(@deepseek-ai/cordis@4.0.4)(@deepseek-ai/dsh-invariants@0.1.0-rc.8(@deepseek-ai/cordis@4.0.4)))
      '@deepseek-ai/dsh-sandbox': 0.1.0-rc.8(@deepseek-ai/cordis@4.0.4)(@deepseek-ai/dsh-invariants@0.1.0-rc.8(@deepseek-ai/cordis@4.0.4))(@deepseek-ai/dsh-llm@0.1.0-rc.8(@deepseek-ai/cordis@4.0.4)(@deepseek-ai/dsh-attachment@0.1.0-rc.8(@deepseek-ai/cordis@4.0.4)(@deepseek-ai/dsh-brand@0.1.0-rc.8(@deepseek-ai/cordis@4.0.4)(@deepseek-ai/dsh-invariants@0.1.0-rc.8(@deepseek-ai/cordis@4.0.4)))(@deepseek-ai/dsh-invariants@0.1.0-rc.8(@deepseek-ai/cordis@4.0.4)))(@deepseek-ai/dsh-brand@0.1.0-rc.8(@deepseek-ai/cordis@4.0.4)(@deepseek-ai/dsh-invariants@0.1.0-rc.8(@deepseek-ai/cordis@4.0.4)))(@deepseek-ai/dsh-invariants@0.1.0-rc.8(@deepseek-ai/cordis@4.0.4))(@deepseek-ai/dsh-timeout@0.1.0-rc.8(@deepseek-ai/cordis@4.0.4)(@deepseek-ai/dsh-invariants@0.1.0-rc.8(@deepseek-ai/cordis@4.0.4))))(@deepseek-ai/dsh-session@0.1.0-rc.8(6ee11d1ea3df0c7587fe4d46c4edc527))

  '@deepseek-ai/dsh-invariants@0.1.0-rc.8(@deepseek-ai/cordis@4.0.4)':
    dependencies:
      '@deepseek-ai/cordis': 4.0.4(@deepseek-ai/cordis-plugin-include@1.0.9)(@deepseek-ai/cordis-plugin-loader@1.0.5)
      '@deepseek-ai/schemastery': 3.18.4

  '@deepseek-ai/dsh-launch-environment@0.2.0-rc.2(@deepseek-ai/cordis@4.0.4)':
    dependencies:
      '@deepseek-ai/cordis': 4.0.4(@deepseek-ai/cordis-plugin-include@1.0.9)(@deepseek-ai/cordis-plugin-loader@1.0.5)

  '@deepseek-ai/dsh-llm@0.1.0-rc.8(@deepseek-ai/cordis@4.0.4)(@deepseek-ai/dsh-attachment@0.1.0-rc.8(@deepseek-ai/cordis@4.0.4)(@deepseek-ai/dsh-brand@0.1.0-rc.8(@deepseek-ai/cordis@4.0.4)(@deepseek-ai/dsh-invariants@0.1.0-rc.8(@deepseek-ai/cordis@4.0.4)))(@deepseek-ai/dsh-invariants@0.1.0-rc.8(@deepseek-ai/cordis@4.0.4)))(@deepseek-ai/dsh-brand@0.1.0-rc.8(@deepseek-ai/cordis@4.0.4)(@deepseek-ai/dsh-invariants@0.1.0-rc.8(@deepseek-ai/cordis@4.0.4)))(@deepseek-ai/dsh-invariants@0.1.0-rc.8(@deepseek-ai/cordis@4.0.4))(@deepseek-ai/dsh-timeout@0.1.0-rc.8(@deepseek-ai/cordis@4.0.4)(@deepseek-ai/dsh-invariants@0.1.0-rc.8(@deepseek-ai/cordis@4.0.4)))':
    dependencies:
      '@deepseek-ai/cordis': 4.0.4(@deepseek-ai/cordis-plugin-include@1.0.9)(@deepseek-ai/cordis-plugin-loader@1.0.5)
      '@deepseek-ai/dsh-attachment': 0.1.0-rc.8(@deepseek-ai/cordis@4.0.4)(@deepseek-ai/dsh-brand@0.1.0-rc.8(@deepseek-ai/cordis@4.0.4)(@deepseek-ai/dsh-invariants@0.1.0-rc.8(@deepseek-ai/cordis@4.0.4)))(@deepseek-ai/dsh-invariants@0.1.0-rc.8(@deepseek-ai/cordis@4.0.4))
      '@deepseek-ai/dsh-brand': 0.1.0-rc.8(@deepseek-ai/cordis@4.0.4)(@deepseek-ai/dsh-invariants@0.1.0-rc.8(@deepseek-ai/cordis@4.0.4))
      '@deepseek-ai/dsh-invariants': 0.1.0-rc.8(@deepseek-ai/cordis@4.0.4)
      '@deepseek-ai/dsh-timeout': 0.1.0-rc.8(@deepseek-ai/cordis@4.0.4)(@deepseek-ai/dsh-invariants@0.1.0-rc.8(@deepseek-ai/cordis@4.0.4))
      '@deepseek-ai/schemastery': 3.18.4

  '@deepseek-ai/dsh-package-manifest@0.2.0-rc.2(@deepseek-ai/cordis@4.0.4)':
    dependencies:
      '@deepseek-ai/cordis': 4.0.4(@deepseek-ai/cordis-plugin-include@1.0.9)(@deepseek-ai/cordis-plugin-loader@1.0.5)

  '@deepseek-ai/dsh-sandbox@0.1.0-rc.8(@deepseek-ai/cordis@4.0.4)(@deepseek-ai/dsh-invariants@0.1.0-rc.8(@deepseek-ai/cordis@4.0.4))(@deepseek-ai/dsh-llm@0.1.0-rc.8(@deepseek-ai/cordis@4.0.4)(@deepseek-ai/dsh-attachment@0.1.0-rc.8(@deepseek-ai/cordis@4.0.4)(@deepseek-ai/dsh-brand@0.1.0-rc.8(@deepseek-ai/cordis@4.0.4)(@deepseek-ai/dsh-invariants@0.1.0-rc.8(@deepseek-ai/cordis@4.0.4)))(@deepseek-ai/dsh-invariants@0.1.0-rc.8(@deepseek-ai/cordis@4.0.4)))(@deepseek-ai/dsh-brand@0.1.0-rc.8(@deepseek-ai/cordis@4.0.4)(@deepseek-ai/dsh-invariants@0.1.0-rc.8(@deepseek-ai/cordis@4.0.4)))(@deepseek-ai/dsh-invariants@0.1.0-rc.8(@deepseek-ai/cordis@4.0.4))(@deepseek-ai/dsh-timeout@0.1.0-rc.8(@deepseek-ai/cordis@4.0.4)(@deepseek-ai/dsh-invariants@0.1.0-rc.8(@deepseek-ai/cordis@4.0.4))))(@deepseek-ai/dsh-session@0.1.0-rc.8(6ee11d1ea3df0c7587fe4d46c4edc527))':
    dependencies:
      '@deepseek-ai/cordis': 4.0.4(@deepseek-ai/cordis-plugin-include@1.0.9)(@deepseek-ai/cordis-plugin-loader@1.0.5)
      '@deepseek-ai/dsh-invariants': 0.1.0-rc.8(@deepseek-ai/cordis@4.0.4)
      '@deepseek-ai/dsh-llm': 0.1.0-rc.8(@deepseek-ai/cordis@4.0.4)(@deepseek-ai/dsh-attachment@0.1.0-rc.8(@deepseek-ai/cordis@4.0.4)(@deepseek-ai/dsh-brand@0.1.0-rc.8(@deepseek-ai/cordis@4.0.4)(@deepseek-ai/dsh-invariants@0.1.0-rc.8(@deepseek-ai/cordis@4.0.4)))(@deepseek-ai/dsh-invariants@0.1.0-rc.8(@deepseek-ai/cordis@4.0.4)))(@deepseek-ai/dsh-brand@0.1.0-rc.8(@deepseek-ai/cordis@4.0.4)(@deepseek-ai/dsh-invariants@0.1.0-rc.8(@deepseek-ai/cordis@4.0.4)))(@deepseek-ai/dsh-invariants@0.1.0-rc.8(@deepseek-ai/cordis@4.0.4))(@deepseek-ai/dsh-timeout@0.1.0-rc.8(@deepseek-ai/cordis@4.0.4)(@deepseek-ai/dsh-invariants@0.1.0-rc.8(@deepseek-ai/cordis@4.0.4)))
      '@deepseek-ai/dsh-session': 0.1.0-rc.8(6ee11d1ea3df0c7587fe4d46c4edc527)

  '@deepseek-ai/dsh-scope@0.1.0-rc.8(@deepseek-ai/cordis@4.0.4)(@deepseek-ai/dsh-invariants@0.1.0-rc.8(@deepseek-ai/cordis@4.0.4))':
    dependencies:
      '@deepseek-ai/cordis': 4.0.4(@deepseek-ai/cordis-plugin-include@1.0.9)(@deepseek-ai/cordis-plugin-loader@1.0.5)
      '@deepseek-ai/dsh-invariants': 0.1.0-rc.8(@deepseek-ai/cordis@4.0.4)

  '@deepseek-ai/dsh-session@0.1.0-rc.8(6ee11d1ea3df0c7587fe4d46c4edc527)':
    dependencies:
      '@deepseek-ai/cordis': 4.0.4(@deepseek-ai/cordis-plugin-include@1.0.9)(@deepseek-ai/cordis-plugin-loader@1.0.5)
      '@deepseek-ai/dsh-brand': 0.1.0-rc.8(@deepseek-ai/cordis@4.0.4)(@deepseek-ai/dsh-invariants@0.1.0-rc.8(@deepseek-ai/cordis@4.0.4))
      '@deepseek-ai/dsh-invariants': 0.1.0-rc.8(@deepseek-ai/cordis@4.0.4)
      '@deepseek-ai/dsh-llm': 0.1.0-rc.8(@deepseek-ai/cordis@4.0.4)(@deepseek-ai/dsh-attachment@0.1.0-rc.8(@deepseek-ai/cordis@4.0.4)(@deepseek-ai/dsh-brand@0.1.0-rc.8(@deepseek-ai/cordis@4.0.4)(@deepseek-ai/dsh-invariants@0.1.0-rc.8(@deepseek-ai/cordis@4.0.4)))(@deepseek-ai/dsh-invariants@0.1.0-rc.8(@deepseek-ai/cordis@4.0.4)))(@deepseek-ai/dsh-brand@0.1.0-rc.8(@deepseek-ai/cordis@4.0.4)(@deepseek-ai/dsh-invariants@0.1.0-rc.8(@deepseek-ai/cordis@4.0.4)))(@deepseek-ai/dsh-invariants@0.1.0-rc.8(@deepseek-ai/cordis@4.0.4))(@deepseek-ai/dsh-timeout@0.1.0-rc.8(@deepseek-ai/cordis@4.0.4)(@deepseek-ai/dsh-invariants@0.1.0-rc.8(@deepseek-ai/cordis@4.0.4)))
      '@deepseek-ai/dsh-scope': 0.1.0-rc.8(@deepseek-ai/cordis@4.0.4)(@deepseek-ai/dsh-invariants@0.1.0-rc.8(@deepseek-ai/cordis@4.0.4))
      '@deepseek-ai/dsh-typert-protocol': 0.1.0-rc.8(@deepseek-ai/cordis@4.0.4)(@deepseek-ai/dsh-invariants@0.1.0-rc.8(@deepseek-ai/cordis@4.0.4))

  '@deepseek-ai/dsh-skill-filesystem@0.1.0-rc.3(7d5f4abbba79c44771a82992b5a88abb)':
    dependencies:
      '@deepseek-ai/cordis': 4.0.4(@deepseek-ai/cordis-plugin-include@1.0.9)(@deepseek-ai/cordis-plugin-loader@1.0.5)
      '@deepseek-ai/dsh-fs': 0.1.0-rc.8(9082dd8527c65a42d3cdab34d6dfd83e)
      '@deepseek-ai/dsh-invariants': 0.1.0-rc.8(@deepseek-ai/cordis@4.0.4)
      '@deepseek-ai/dsh-skill': 0.1.0-rc.8(@deepseek-ai/cordis@4.0.4)(@deepseek-ai/dsh-invariants@0.1.0-rc.8(@deepseek-ai/cordis@4.0.4))(@deepseek-ai/dsh-llm@0.1.0-rc.8(@deepseek-ai/cordis@4.0.4)(@deepseek-ai/dsh-attachment@0.1.0-rc.8(@deepseek-ai/cordis@4.0.4)(@deepseek-ai/dsh-brand@0.1.0-rc.8(@deepseek-ai/cordis@4.0.4)(@deepseek-ai/dsh-invariants@0.1.0-rc.8(@deepseek-ai/cordis@4.0.4)))(@deepseek-ai/dsh-invariants@0.1.0-rc.8(@deepseek-ai/cordis@4.0.4)))(@deepseek-ai/dsh-brand@0.1.0-rc.8(@deepseek-ai/cordis@4.0.4)(@deepseek-ai/dsh-invariants@0.1.0-rc.8(@deepseek-ai/cordis@4.0.4)))(@deepseek-ai/dsh-invariants@0.1.0-rc.8(@deepseek-ai/cordis@4.0.4))(@deepseek-ai/dsh-timeout@0.1.0-rc.8(@deepseek-ai/cordis@4.0.4)(@deepseek-ai/dsh-invariants@0.1.0-rc.8(@deepseek-ai/cordis@4.0.4))))(@deepseek-ai/dsh-scope@0.1.0-rc.8(@deepseek-ai/cordis@4.0.4)(@deepseek-ai/dsh-invariants@0.1.0-rc.8(@deepseek-ai/cordis@4.0.4)))
      '@deepseek-ai/schemastery': 3.18.4
      chokidar: 5.0.0
      yaml: 2.9.1

  '@deepseek-ai/dsh-skill@0.1.0-rc.8(@deepseek-ai/cordis@4.0.4)(@deepseek-ai/dsh-invariants@0.1.0-rc.8(@deepseek-ai/cordis@4.0.4))(@deepseek-ai/dsh-llm@0.1.0-rc.8(@deepseek-ai/cordis@4.0.4)(@deepseek-ai/dsh-attachment@0.1.0-rc.8(@deepseek-ai/cordis@4.0.4)(@deepseek-ai/dsh-brand@0.1.0-rc.8(@deepseek-ai/cordis@4.0.4)(@deepseek-ai/dsh-invariants@0.1.0-rc.8(@deepseek-ai/cordis@4.0.4)))(@deepseek-ai/dsh-invariants@0.1.0-rc.8(@deepseek-ai/cordis@4.0.4)))(@deepseek-ai/dsh-brand@0.1.0-rc.8(@deepseek-ai/cordis@4.0.4)(@deepseek-ai/dsh-invariants@0.1.0-rc.8(@deepseek-ai/cordis@4.0.4)))(@deepseek-ai/dsh-invariants@0.1.0-rc.8(@deepseek-ai/cordis@4.0.4))(@deepseek-ai/dsh-timeout@0.1.0-rc.8(@deepseek-ai/cordis@4.0.4)(@deepseek-ai/dsh-invariants@0.1.0-rc.8(@deepseek-ai/cordis@4.0.4))))(@deepseek-ai/dsh-scope@0.1.0-rc.8(@deepseek-ai/cordis@4.0.4)(@deepseek-ai/dsh-invariants@0.1.0-rc.8(@deepseek-ai/cordis@4.0.4)))':
    dependencies:
      '@deepseek-ai/cordis': 4.0.4(@deepseek-ai/cordis-plugin-include@1.0.9)(@deepseek-ai/cordis-plugin-loader@1.0.5)
      '@deepseek-ai/dsh-invariants': 0.1.0-rc.8(@deepseek-ai/cordis@4.0.4)
      '@deepseek-ai/dsh-llm': 0.1.0-rc.8(@deepseek-ai/cordis@4.0.4)(@deepseek-ai/dsh-attachment@0.1.0-rc.8(@deepseek-ai/cordis@4.0.4)(@deepseek-ai/dsh-brand@0.1.0-rc.8(@deepseek-ai/cordis@4.0.4)(@deepseek-ai/dsh-invariants@0.1.0-rc.8(@deepseek-ai/cordis@4.0.4)))(@deepseek-ai/dsh-invariants@0.1.0-rc.8(@deepseek-ai/cordis@4.0.4)))(@deepseek-ai/dsh-brand@0.1.0-rc.8(@deepseek-ai/cordis@4.0.4)(@deepseek-ai/dsh-invariants@0.1.0-rc.8(@deepseek-ai/cordis@4.0.4)))(@deepseek-ai/dsh-invariants@0.1.0-rc.8(@deepseek-ai/cordis@4.0.4))(@deepseek-ai/dsh-timeout@0.1.0-rc.8(@deepseek-ai/cordis@4.0.4)(@deepseek-ai/dsh-invariants@0.1.0-rc.8(@deepseek-ai/cordis@4.0.4)))
      '@deepseek-ai/dsh-scope': 0.1.0-rc.8(@deepseek-ai/cordis@4.0.4)(@deepseek-ai/dsh-invariants@0.1.0-rc.8(@deepseek-ai/cordis@4.0.4))
      '@deepseek-ai/schemastery': 3.18.4

  '@deepseek-ai/dsh-system-prompt@0.2.0-rc.2(@deepseek-ai/cordis@4.0.4)(@deepseek-ai/dsh-invariants@0.1.0-rc.8(@deepseek-ai/cordis@4.0.4))(@deepseek-ai/dsh-llm@0.1.0-rc.8(@deepseek-ai/cordis@4.0.4)(@deepseek-ai/dsh-attachment@0.1.0-rc.8(@deepseek-ai/cordis@4.0.4)(@deepseek-ai/dsh-brand@0.1.0-rc.8(@deepseek-ai/cordis@4.0.4)(@deepseek-ai/dsh-invariants@0.1.0-rc.8(@deepseek-ai/cordis@4.0.4)))(@deepseek-ai/dsh-invariants@0.1.0-rc.8(@deepseek-ai/cordis@4.0.4)))(@deepseek-ai/dsh-brand@0.1.0-rc.8(@deepseek-ai/cordis@4.0.4)(@deepseek-ai/dsh-invariants@0.1.0-rc.8(@deepseek-ai/cordis@4.0.4)))(@deepseek-ai/dsh-invariants@0.1.0-rc.8(@deepseek-ai/cordis@4.0.4))(@deepseek-ai/dsh-timeout@0.1.0-rc.8(@deepseek-ai/cordis@4.0.4)(@deepseek-ai/dsh-invariants@0.1.0-rc.8(@deepseek-ai/cordis@4.0.4))))(@deepseek-ai/dsh-scope@0.1.0-rc.8(@deepseek-ai/cordis@4.0.4)(@deepseek-ai/dsh-invariants@0.1.0-rc.8(@deepseek-ai/cordis@4.0.4)))':
    dependencies:
      '@deepseek-ai/cordis': 4.0.4(@deepseek-ai/cordis-plugin-include@1.0.9)(@deepseek-ai/cordis-plugin-loader@1.0.5)
      '@deepseek-ai/dsh-invariants': 0.1.0-rc.8(@deepseek-ai/cordis@4.0.4)
      '@deepseek-ai/dsh-llm': 0.1.0-rc.8(@deepseek-ai/cordis@4.0.4)(@deepseek-ai/dsh-attachment@0.1.0-rc.8(@deepseek-ai/cordis@4.0.4)(@deepseek-ai/dsh-brand@0.1.0-rc.8(@deepseek-ai/cordis@4.0.4)(@deepseek-ai/dsh-invariants@0.1.0-rc.8(@deepseek-ai/cordis@4.0.4)))(@deepseek-ai/dsh-invariants@0.1.0-rc.8(@deepseek-ai/cordis@4.0.4)))(@deepseek-ai/dsh-brand@0.1.0-rc.8(@deepseek-ai/cordis@4.0.4)(@deepseek-ai/dsh-invariants@0.1.0-rc.8(@deepseek-ai/cordis@4.0.4)))(@deepseek-ai/dsh-invariants@0.1.0-rc.8(@deepseek-ai/cordis@4.0.4))(@deepseek-ai/dsh-timeout@0.1.0-rc.8(@deepseek-ai/cordis@4.0.4)(@deepseek-ai/dsh-invariants@0.1.0-rc.8(@deepseek-ai/cordis@4.0.4)))
      '@deepseek-ai/dsh-scope': 0.1.0-rc.8(@deepseek-ai/cordis@4.0.4)(@deepseek-ai/dsh-invariants@0.1.0-rc.8(@deepseek-ai/cordis@4.0.4))
      '@deepseek-ai/schemastery': 3.18.4

  '@deepseek-ai/dsh-timeout@0.1.0-rc.8(@deepseek-ai/cordis@4.0.4)(@deepseek-ai/dsh-invariants@0.1.0-rc.8(@deepseek-ai/cordis@4.0.4))':
    dependencies:
      '@deepseek-ai/cordis': 4.0.4(@deepseek-ai/cordis-plugin-include@1.0.9)(@deepseek-ai/cordis-plugin-loader@1.0.5)
      '@deepseek-ai/dsh-invariants': 0.1.0-rc.8(@deepseek-ai/cordis@4.0.4)

  '@deepseek-ai/dsh-typert-protocol@0.1.0-rc.8(@deepseek-ai/cordis@4.0.4)(@deepseek-ai/dsh-invariants@0.1.0-rc.8(@deepseek-ai/cordis@4.0.4))':
    dependencies:
      '@deepseek-ai/cordis': 4.0.4(@deepseek-ai/cordis-plugin-include@1.0.9)(@deepseek-ai/cordis-plugin-loader@1.0.5)
      '@deepseek-ai/dsh-invariants': 0.1.0-rc.8(@deepseek-ai/cordis@4.0.4)

  '@deepseek-ai/schemastery@3.18.4':
    dependencies:
      '@deepseek-ai/cosmokit': 1.8.5
      '@standard-schema/spec': 1.1.0

  '@eslint-community/regexpp@4.12.2': {}

  '@standard-schema/spec@1.1.0': {}

  ajv@8.20.0:
    dependencies:
      fast-deep-equal: 3.1.3
      fast-uri: 3.1.8
      json-schema-traverse: 1.0.0
      require-from-string: 2.0.2

  argparse@2.0.1: {}

  chokidar@5.0.0:
    dependencies:
      readdirp: 5.1.1

  fast-deep-equal@3.1.3: {}

  fast-uri@3.1.8: {}

  js-yaml@4.3.2:
    dependencies:
      argparse: 2.0.1

  json-schema-traverse@1.0.0: {}

  node-addon-native-custom-loader@0.1.7: {}

  node-addon-require-builtin-darwin-arm64@0.1.7:
    dependencies:
      node-addon-native-custom-loader: 0.1.7
    optional: true

  node-addon-require-builtin-darwin-x64@0.1.7:
    dependencies:
      node-addon-native-custom-loader: 0.1.7
    optional: true

  node-addon-require-builtin-linux-arm64-gnu@0.1.7:
    dependencies:
      node-addon-native-custom-loader: 0.1.7
    optional: true

  node-addon-require-builtin-linux-arm64-musl@0.1.7:
    dependencies:
      node-addon-native-custom-loader: 0.1.7
    optional: true

  node-addon-require-builtin-linux-x64-gnu@0.1.7:
    dependencies:
      node-addon-native-custom-loader: 0.1.7
    optional: true

  node-addon-require-builtin-linux-x64-musl@0.1.7:
    dependencies:
      node-addon-native-custom-loader: 0.1.7
    optional: true

  node-addon-require-builtin-win32-arm64-msvc@0.1.7:
    dependencies:
      node-addon-native-custom-loader: 0.1.7
    optional: true

  node-addon-require-builtin-win32-ia32-msvc@0.1.7:
    dependencies:
      node-addon-native-custom-loader: 0.1.7
    optional: true

  node-addon-require-builtin-win32-x64-msvc@0.1.7:
    dependencies:
      node-addon-native-custom-loader: 0.1.7
    optional: true

  node-addon-require-builtin@0.1.7:
    dependencies:
      node-addon-native-custom-loader: 0.1.7
    optionalDependencies:
      node-addon-require-builtin-darwin-arm64: 0.1.7
      node-addon-require-builtin-darwin-x64: 0.1.7
      node-addon-require-builtin-linux-arm64-gnu: 0.1.7
      node-addon-require-builtin-linux-arm64-musl: 0.1.7
      node-addon-require-builtin-linux-x64-gnu: 0.1.7
      node-addon-require-builtin-linux-x64-musl: 0.1.7
      node-addon-require-builtin-win32-arm64-msvc: 0.1.7
      node-addon-require-builtin-win32-ia32-msvc: 0.1.7
      node-addon-require-builtin-win32-x64-msvc: 0.1.7

  readdirp@5.1.1: {}

  require-from-string@2.0.2: {}

  resolve.exports@2.0.3: {}

  semver@7.8.5: {}

  yaml@2.9.1: {}
